
Microsoft Visual Studio Solution File, Format Version 12.00
# Visual Studio Version 17
VisualStudioVersion = 17.0.31903.59
MinimumVisualStudioVersion = 10.0.40219.1
Project("{FAE04EC0-301F-11D3-BF4B-00C04F79EFBC}") = "CrashHandler", "CrashHandler\CrashHandler.csproj", "{484AFA5D-680D-4047-AD33-D80B4C8A77E3}"
EndProject
Project("{FAE04EC0-301F-11D3-BF4B-00C04F79EFBC}") = "DownloadManager", "Download Manager\DownloadManager.csproj", "{14AA53A5-771C-497F-89CC-CE52262E47B8}"
EndProject
Project("{2150E333-8FDC-42A3-9474-1A3956D46DE8}") = "Download-Manager-Extention", "Download-Manager-Extention", "{8B59540A-2E22-4EF9-8FFA-98E5AF6A7643}"
	ProjectSection(SolutionItems) = preProject
		Download-Manager-Extention\.gitignore = Download-Manager-Extention\.gitignore
		Download-Manager-Extention\LICENSE = Download-Manager-Extention\LICENSE
		Download-Manager-Extention\manifest.json = Download-Manager-Extention\manifest.json
		Download-Manager-Extention\README.md = Download-Manager-Extention\README.md
		Download-Manager-Extention\Web.config = Download-Manager-Extention\Web.config
	EndProjectSection
EndProject
Project("{FAE04EC0-301F-11D3-BF4B-00C04F79EFBC}") = "DownloadManagerTestUI", "DownloadManagerTestUI\DownloadManagerTestUI\DownloadManagerTestUI.csproj", "{5EDE058D-0A23-4888-8346-468955F6BE56}"
EndProject
Project("{FAE04EC0-301F-11D3-BF4B-00C04F79EFBC}") = "DownloadManagerTestUI.Core", "DownloadManagerTestUI\DownloadManagerTestUI.Core\DownloadManagerTestUI.Core.csproj", "{C2F23B28-C075-4DD3-BAB3-F0E86AC07D77}"
EndProject
Project("{FAE04EC0-301F-11D3-BF4B-00C04F79EFBC}") = "DownloadManagerInstaller", "Download-Manager-Installer\DownloadManagerInstaller.csproj", "{C4E737C7-3A0A-1D2F-A404-877EF3B83738}"
EndProject
Project("{2150E333-8FDC-42A3-9474-1A3956D46DE8}") = "scripts", "scripts", "{02EA681E-C7D8-13C7-8484-4AC65E1B71E8}"
	ProjectSection(SolutionItems) = preProject
		Download-Manager-Extention\scripts\background.js = Download-Manager-Extention\scripts\background.js
		Download-Manager-Extention\scripts\popup.js = Download-Manager-Extention\scripts\popup.js
		Download-Manager-Extention\scripts\settings.js = Download-Manager-Extention\scripts\settings.js
	EndProjectSection
EndProject
Project("{2150E333-8FDC-42A3-9474-1A3956D46DE8}") = "popup", "popup", "{02EA681E-C7D8-13C7-8484-4AC65E1B71E8}"
	ProjectSection(SolutionItems) = preProject
		Download-Manager-Extention\popup\popup.html = Download-Manager-Extention\popup\popup.html
		Download-Manager-Extention\popup\settings.html = Download-Manager-Extention\popup\settings.html
	EndProjectSection
EndProject
Project("{2150E333-8FDC-42A3-9474-1A3956D46DE8}") = "images", "images", "{02EA681E-C7D8-13C7-8484-4AC65E1B71E8}"
	ProjectSection(SolutionItems) = preProject
		Download-Manager-Extention\images\ExtentionIcon.png = Download-Manager-Extention\images\ExtentionIcon.png
		Download-Manager-Extention\images\ExtentionPromotionalTile.png = Download-Manager-Extention\images\ExtentionPromotionalTile.png
		Download-Manager-Extention\images\LargePromotionalTile.png = Download-Manager-Extention\images\LargePromotionalTile.png
		Download-Manager-Extention\images\Screenshot1.png = Download-Manager-Extention\images\Screenshot1.png
		Download-Manager-Extention\images\Screenshot2.png = Download-Manager-Extention\images\Screenshot2.png
	EndProjectSection
EndProject
Project("{2150E333-8FDC-42A3-9474-1A3956D46DE8}") = "icons", "icons", "{02EA681E-C7D8-13C7-8484-4AC65E1B71E8}"
	ProjectSection(SolutionItems) = preProject
		Download-Manager-Extention\icons\icon.png = Download-Manager-Extention\icons\icon.png
	EndProjectSection
EndProject
Global
	GlobalSection(SolutionConfigurationPlatforms) = preSolution
		Debug|Any CPU = Debug|Any CPU
		Debug|arm64 = Debug|arm64
		Debug|x64 = Debug|x64
		Debug|x86 = Debug|x86
		Release|Any CPU = Release|Any CPU
		Release|arm64 = Release|arm64
		Release|x64 = Release|x64
		Release|x86 = Release|x86
	EndGlobalSection
	GlobalSection(ProjectConfigurationPlatforms) = postSolution
		{484AFA5D-680D-4047-AD33-D80B4C8A77E3}.Debug|Any CPU.ActiveCfg = Debug|Any CPU
		{484AFA5D-680D-4047-AD33-D80B4C8A77E3}.Debug|Any CPU.Build.0 = Debug|Any CPU
		{484AFA5D-680D-4047-AD33-D80B4C8A77E3}.Debug|arm64.ActiveCfg = Debug|Any CPU
		{484AFA5D-680D-4047-AD33-D80B4C8A77E3}.Debug|arm64.Build.0 = Debug|Any CPU
		{484AFA5D-680D-4047-AD33-D80B4C8A77E3}.Debug|x64.ActiveCfg = Debug|Any CPU
		{484AFA5D-680D-4047-AD33-D80B4C8A77E3}.Debug|x64.Build.0 = Debug|Any CPU
		{484AFA5D-680D-4047-AD33-D80B4C8A77E3}.Debug|x86.ActiveCfg = Debug|Any CPU
		{484AFA5D-680D-4047-AD33-D80B4C8A77E3}.Debug|x86.Build.0 = Debug|Any CPU
		{484AFA5D-680D-4047-AD33-D80B4C8A77E3}.Release|Any CPU.ActiveCfg = Release|Any CPU
		{484AFA5D-680D-4047-AD33-D80B4C8A77E3}.Release|Any CPU.Build.0 = Release|Any CPU
		{484AFA5D-680D-4047-AD33-D80B4C8A77E3}.Release|arm64.ActiveCfg = Release|Any CPU
		{484AFA5D-680D-4047-AD33-D80B4C8A77E3}.Release|arm64.Build.0 = Release|Any CPU
		{484AFA5D-680D-4047-AD33-D80B4C8A77E3}.Release|x64.ActiveCfg = Release|Any CPU
		{484AFA5D-680D-4047-AD33-D80B4C8A77E3}.Release|x64.Build.0 = Release|Any CPU
		{484AFA5D-680D-4047-AD33-D80B4C8A77E3}.Release|x86.ActiveCfg = Release|Any CPU
		{484AFA5D-680D-4047-AD33-D80B4C8A77E3}.Release|x86.Build.0 = Release|Any CPU
		{14AA53A5-771C-497F-89CC-CE52262E47B8}.Debug|Any CPU.ActiveCfg = Debug|Any CPU
		{14AA53A5-771C-497F-89CC-CE52262E47B8}.Debug|Any CPU.Build.0 = Debug|Any CPU
		{14AA53A5-771C-497F-89CC-CE52262E47B8}.Debug|arm64.ActiveCfg = Debug|Any CPU
		{14AA53A5-771C-497F-89CC-CE52262E47B8}.Debug|arm64.Build.0 = Debug|Any CPU
		{14AA53A5-771C-497F-89CC-CE52262E47B8}.Debug|x64.ActiveCfg = Debug|Any CPU
		{14AA53A5-771C-497F-89CC-CE52262E47B8}.Debug|x64.Build.0 = Debug|Any CPU
		{14AA53A5-771C-497F-89CC-CE52262E47B8}.Debug|x86.ActiveCfg = Debug|Any CPU
		{14AA53A5-771C-497F-89CC-CE52262E47B8}.Debug|x86.Build.0 = Debug|Any CPU
		{14AA53A5-771C-497F-89CC-CE52262E47B8}.Release|Any CPU.ActiveCfg = Release|Any CPU
		{14AA53A5-771C-497F-89CC-CE52262E47B8}.Release|Any CPU.Build.0 = Release|Any CPU
		{14AA53A5-771C-497F-89CC-CE52262E47B8}.Release|arm64.ActiveCfg = Release|Any CPU
		{14AA53A5-771C-497F-89CC-CE52262E47B8}.Release|arm64.Build.0 = Release|Any CPU
		{14AA53A5-771C-497F-89CC-CE52262E47B8}.Release|x64.ActiveCfg = Release|Any CPU
		{14AA53A5-771C-497F-89CC-CE52262E47B8}.Release|x64.Build.0 = Release|Any CPU
		{14AA53A5-771C-497F-89CC-CE52262E47B8}.Release|x86.ActiveCfg = Release|Any CPU
		{14AA53A5-771C-497F-89CC-CE52262E47B8}.Release|x86.Build.0 = Release|Any CPU
		{5EDE058D-0A23-4888-8346-468955F6BE56}.Debug|Any CPU.ActiveCfg = Debug|x64
		{5EDE058D-0A23-4888-8346-468955F6BE56}.Debug|Any CPU.Build.0 = Debug|x64
		{5EDE058D-0A23-4888-8346-468955F6BE56}.Debug|Any CPU.Deploy.0 = Debug|x64
		{5EDE058D-0A23-4888-8346-468955F6BE56}.Debug|arm64.ActiveCfg = Debug|arm64
		{5EDE058D-0A23-4888-8346-468955F6BE56}.Debug|arm64.Build.0 = Debug|arm64
		{5EDE058D-0A23-4888-8346-468955F6BE56}.Debug|arm64.Deploy.0 = Debug|arm64
		{5EDE058D-0A23-4888-8346-468955F6BE56}.Debug|x64.ActiveCfg = Debug|x64
		{5EDE058D-0A23-4888-8346-468955F6BE56}.Debug|x64.Build.0 = Debug|x64
		{5EDE058D-0A23-4888-8346-468955F6BE56}.Debug|x64.Deploy.0 = Debug|x64
		{5EDE058D-0A23-4888-8346-468955F6BE56}.Debug|x86.ActiveCfg = Debug|x86
		{5EDE058D-0A23-4888-8346-468955F6BE56}.Debug|x86.Build.0 = Debug|x86
		{5EDE058D-0A23-4888-8346-468955F6BE56}.Debug|x86.Deploy.0 = Debug|x86
		{5EDE058D-0A23-4888-8346-468955F6BE56}.Release|Any CPU.ActiveCfg = Release|x64
		{5EDE058D-0A23-4888-8346-468955F6BE56}.Release|Any CPU.Build.0 = Release|x64
		{5EDE058D-0A23-4888-8346-468955F6BE56}.Release|Any CPU.Deploy.0 = Release|x64
		{5EDE058D-0A23-4888-8346-468955F6BE56}.Release|arm64.ActiveCfg = Release|arm64
		{5EDE058D-0A23-4888-8346-468955F6BE56}.Release|arm64.Build.0 = Release|arm64
		{5EDE058D-0A23-4888-8346-468955F6BE56}.Release|arm64.Deploy.0 = Release|arm64
		{5EDE058D-0A23-4888-8346-468955F6BE56}.Release|x64.ActiveCfg = Release|x64
		{5EDE058D-0A23-4888-8346-468955F6BE56}.Release|x64.Build.0 = Release|x64
		{5EDE058D-0A23-4888-8346-468955F6BE56}.Release|x64.Deploy.0 = Release|x64
		{5EDE058D-0A23-4888-8346-468955F6BE56}.Release|x86.ActiveCfg = Release|x86
		{5EDE058D-0A23-4888-8346-468955F6BE56}.Release|x86.Build.0 = Release|x86
		{5EDE058D-0A23-4888-8346-468955F6BE56}.Release|x86.Deploy.0 = Release|x86
		{C2F23B28-C075-4DD3-BAB3-F0E86AC07D77}.Debug|Any CPU.ActiveCfg = Debug|Any CPU
		{C2F23B28-C075-4DD3-BAB3-F0E86AC07D77}.Debug|Any CPU.Build.0 = Debug|Any CPU
		{C2F23B28-C075-4DD3-BAB3-F0E86AC07D77}.Debug|arm64.ActiveCfg = Debug|arm64
		{C2F23B28-C075-4DD3-BAB3-F0E86AC07D77}.Debug|arm64.Build.0 = Debug|arm64
		{C2F23B28-C075-4DD3-BAB3-F0E86AC07D77}.Debug|x64.ActiveCfg = Debug|x64
		{C2F23B28-C075-4DD3-BAB3-F0E86AC07D77}.Debug|x64.Build.0 = Debug|x64
		{C2F23B28-C075-4DD3-BAB3-F0E86AC07D77}.Debug|x86.ActiveCfg = Debug|x86
		{C2F23B28-C075-4DD3-BAB3-F0E86AC07D77}.Debug|x86.Build.0 = Debug|x86
		{C2F23B28-C075-4DD3-BAB3-F0E86AC07D77}.Release|Any CPU.ActiveCfg = Release|Any CPU
		{C2F23B28-C075-4DD3-BAB3-F0E86AC07D77}.Release|Any CPU.Build.0 = Release|Any CPU
		{C2F23B28-C075-4DD3-BAB3-F0E86AC07D77}.Release|arm64.ActiveCfg = Release|arm64
		{C2F23B28-C075-4DD3-BAB3-F0E86AC07D77}.Release|arm64.Build.0 = Release|arm64
		{C2F23B28-C075-4DD3-BAB3-F0E86AC07D77}.Release|x64.ActiveCfg = Release|x64
		{C2F23B28-C075-4DD3-BAB3-F0E86AC07D77}.Release|x64.Build.0 = Release|x64
		{C2F23B28-C075-4DD3-BAB3-F0E86AC07D77}.Release|x86.ActiveCfg = Release|x86
		{C2F23B28-C075-4DD3-BAB3-F0E86AC07D77}.Release|x86.Build.0 = Release|x86
		{C4E737C7-3A0A-1D2F-A404-877EF3B83738}.Debug|Any CPU.ActiveCfg = Debug|Any CPU
		{C4E737C7-3A0A-1D2F-A404-877EF3B83738}.Debug|Any CPU.Build.0 = Debug|Any CPU
		{C4E737C7-3A0A-1D2F-A404-877EF3B83738}.Debug|arm64.ActiveCfg = Debug|Any CPU
		{C4E737C7-3A0A-1D2F-A404-877EF3B83738}.Debug|arm64.Build.0 = Debug|Any CPU
		{C4E737C7-3A0A-1D2F-A404-877EF3B83738}.Debug|x64.ActiveCfg = Debug|Any CPU
		{C4E737C7-3A0A-1D2F-A404-877EF3B83738}.Debug|x64.Build.0 = Debug|Any CPU
		{C4E737C7-3A0A-1D2F-A404-877EF3B83738}.Debug|x86.ActiveCfg = Debug|Any CPU
		{C4E737C7-3A0A-1D2F-A404-877EF3B83738}.Debug|x86.Build.0 = Debug|Any CPU
		{C4E737C7-3A0A-1D2F-A404-877EF3B83738}.Release|Any CPU.ActiveCfg = Release|Any CPU
		{C4E737C7-3A0A-1D2F-A404-877EF3B83738}.Release|Any CPU.Build.0 = Release|Any CPU
		{C4E737C7-3A0A-1D2F-A404-877EF3B83738}.Release|arm64.ActiveCfg = Release|Any CPU
		{C4E737C7-3A0A-1D2F-A404-877EF3B83738}.Release|arm64.Build.0 = Release|Any CPU
		{C4E737C7-3A0A-1D2F-A404-877EF3B83738}.Release|x64.ActiveCfg = Release|Any CPU
		{C4E737C7-3A0A-1D2F-A404-877EF3B83738}.Release|x64.Build.0 = Release|Any CPU
		{C4E737C7-3A0A-1D2F-A404-877EF3B83738}.Release|x86.ActiveCfg = Release|Any CPU
		{C4E737C7-3A0A-1D2F-A404-877EF3B83738}.Release|x86.Build.0 = Release|Any CPU
	EndGlobalSection
	GlobalSection(SolutionProperties) = preSolution
		HideSolutionNode = FALSE
	EndGlobalSection
	GlobalSection(NestedProjects) = preSolution
		{02EA681E-C7D8-13C7-8484-4AC65E1B71E8} = {8B59540A-2E22-4EF9-8FFA-98E5AF6A7643}
	EndGlobalSection
	GlobalSection(ExtensibilityGlobals) = postSolution
		SolutionGuid = {F4249D9B-07B5-4DB2-A0CC-CBF4EE37C5D5}
	EndGlobalSection
EndGlobal
